{
  "version": "4",
  "specifiers": {
    "jsr:@hono/hono@^4.7.7": "4.7.7",
    "jsr:@std/assert@1": "1.0.13",
    "jsr:@std/fs@*": "1.0.17",
    "jsr:@std/fs@^1.0.17": "1.0.17",
    "jsr:@std/internal@^1.0.6": "1.0.6",
    "jsr:@std/path@^1.0.9": "1.0.9",
    "npm:ical.js@^2.1.0": "2.1.0"
  },
  "jsr": {
    "@hono/hono@4.7.7": {
      "integrity": "74ea9985cb405fada079a922538f6baa06fa1ee150ce409c5bdae2c89ac05cba"
    },
    "@std/assert@1.0.13": {
      "integrity": "ae0d31e41919b12c656c742b22522c32fb26ed0cba32975cb0de2a273cb68b29",
      "dependencies": [
        "jsr:@std/internal"
      ]
    },
    "@std/fs@1.0.17": {
      "integrity": "1c00c632677c1158988ef7a004cb16137f870aafdb8163b9dce86ec652f3952b",
      "dependencies": [
        "jsr:@std/path"
      ]
    },
    "@std/internal@1.0.6": {
      "integrity": "9533b128f230f73bd209408bb07a4b12f8d4255ab2a4d22a1fd6d87304aca9a4"
    },
    "@std/path@1.0.9": {
      "integrity": "260a49f11edd3db93dd38350bf9cd1b4d1366afa98e81b86167b4e3dd750129e"
    }
  },
  "npm": {
    "ical.js@2.1.0": {
      "integrity": "sha512-BOVfrH55xQ6kpS3muGvIXIg2l7p+eoe12/oS7R5yrO3TL/j/bLsR0PR+tYQESFbyTbvGgPHn9zQ6tI4FWyuSaQ=="
    }
  },
  "redirects": {
    "https://deno.land/std/dotenv/mod.ts": "https://deno.land/std@0.224.0/dotenv/mod.ts"
  },
  "remote": {
    "https://deno.land/std@0.224.0/dotenv/mod.ts": "0180eaeedaaf88647318811cdaa418cc64dc51fb08354f91f5f480d0a1309f7d",
    "https://deno.land/std@0.224.0/dotenv/parse.ts": "09977ff88dfd1f24f9973a338f0f91bbdb9307eb5ff6085446e7c423e4c7ba0c",
    "https://deno.land/std@0.224.0/dotenv/stringify.ts": "275da322c409170160440836342eaa7cf012a1d11a7e700d8ca4e7f2f8aa4615"
  },
  "workspace": {
    "dependencies": [
      "jsr:@hono/hono@^4.7.7",
      "jsr:@std/assert@1",
      "jsr:@std/fs@^1.0.17",
      "npm:ical.js@^2.1.0"
    ]
  }
}
